
Microsoft Visual Studio Solution File, Format Version 12.00
# Visual Studio 15
Project("{FAE04EC0-301F-11D3-BF4B-00C04F79EFBC}") = "Assembly-CSharp", "Assembly-CSharp.csproj", "{67039F16-37AB-AF99-02B2-00B3D59A7A51}"
EndProject
Project("{FAE04EC0-301F-11D3-BF4B-00C04F79EFBC}") = "Assembly-CSharp-Editor", "Assembly-CSharp-Editor.csproj", "{431EE228-4FF5-5191-A144-A05A53ACBC4D}"
EndProject
Global
	GlobalSection(SolutionConfigurationPlatforms) = preSolution
		Debug|Any CPU = Debug|Any CPU
		Release|Any CPU = Release|Any CPU
	EndGlobalSection
	GlobalSection(ProjectConfigurationPlatforms) = postSolution
		{67039F16-37AB-AF99-02B2-00B3D59A7A51}.Debug|Any CPU.ActiveCfg = Debug|Any CPU
		{67039F16-37AB-AF99-02B2-00B3D59A7A51}.Debug|Any CPU.Build.0 = Debug|Any CPU
		{67039F16-37AB-AF99-02B2-00B3D59A7A51}.Release|Any CPU.ActiveCfg = Release|Any CPU
		{67039F16-37AB-AF99-02B2-00B3D59A7A51}.Release|Any CPU.Build.0 = Release|Any CPU
		{431EE228-4FF5-5191-A144-A05A53ACBC4D}.Debug|Any CPU.ActiveCfg = Debug|Any CPU
		{431EE228-4FF5-5191-A144-A05A53ACBC4D}.Debug|Any CPU.Build.0 = Debug|Any CPU
		{431EE228-4FF5-5191-A144-A05A53ACBC4D}.Release|Any CPU.ActiveCfg = Release|Any CPU
		{431EE228-4FF5-5191-A144-A05A53ACBC4D}.Release|Any CPU.Build.0 = Release|Any CPU
	EndGlobalSection
	GlobalSection(SolutionProperties) = preSolution
		HideSolutionNode = FALSE
	EndGlobalSection
EndGlobal
